
Microsoft Visual Studio Solution File, Format Version 12.00
# Visual Studio Version 17
VisualStudioVersion = 17.0.31903.59
MinimumVisualStudioVersion = 10.0.40219.1
Project("{FAE04EC0-301F-11D3-BF4B-00C04F79EFBC}") = "XML.lib", "XML.lib\XML.lib.csproj", "{D335520C-54F3-48CB-9903-44B474ECE0E7}"
EndProject
Project("{FAE04EC0-301F-11D3-BF4B-00C04F79EFBC}") = "XML.Tests", "XML.Tests\XML.Tests.csproj", "{413E2388-E503-4C63-8409-E5649B0CC387}"
EndProject
Global
	GlobalSection(SolutionConfigurationPlatforms) = preSolution
		Debug|Any CPU = Debug|Any CPU
		Release|Any CPU = Release|Any CPU
	EndGlobalSection
	GlobalSection(SolutionProperties) = preSolution
		HideSolutionNode = FALSE
	EndGlobalSection
	GlobalSection(ProjectConfigurationPlatforms) = postSolution
		{D335520C-54F3-48CB-9903-44B474ECE0E7}.Debug|Any CPU.ActiveCfg = Debug|Any CPU
		{D335520C-54F3-48CB-9903-44B474ECE0E7}.Debug|Any CPU.Build.0 = Debug|Any CPU
		{D335520C-54F3-48CB-9903-44B474ECE0E7}.Release|Any CPU.ActiveCfg = Release|Any CPU
		{D335520C-54F3-48CB-9903-44B474ECE0E7}.Release|Any CPU.Build.0 = Release|Any CPU
		{413E2388-E503-4C63-8409-E5649B0CC387}.Debug|Any CPU.ActiveCfg = Debug|Any CPU
		{413E2388-E503-4C63-8409-E5649B0CC387}.Debug|Any CPU.Build.0 = Debug|Any CPU
		{413E2388-E503-4C63-8409-E5649B0CC387}.Release|Any CPU.ActiveCfg = Release|Any CPU
		{413E2388-E503-4C63-8409-E5649B0CC387}.Release|Any CPU.Build.0 = Release|Any CPU
	EndGlobalSection
EndGlobal
